
Microsoft Visual Studio Solution File, Format Version 12.00
# Visual Studio 15
VisualStudioVersion = 15.0.27703.2042
MinimumVisualStudioVersion = 10.0.40219.1
Project("{FAE04EC0-301F-11D3-BF4B-00C04F79EFBC}") = "QRCodePrint", "QRCodePrint\QRCodePrint.csproj", "{B4E5A70B-2BD8-4D02-9D15-DB497E7A06DB}"
EndProject
Project("{FAE04EC0-301F-11D3-BF4B-00C04F79EFBC}") = "QRCodePrint.Tests", "QRCodePrint.Tests\QRCodePrint.Tests.csproj", "{92EE9CA0-BB39-44E0-9254-20786AA36C58}"
EndProject
Global
	GlobalSection(SolutionConfigurationPlatforms) = preSolution
		Debug|Any CPU = Debug|Any CPU
		Release|Any CPU = Release|Any CPU
	EndGlobalSection
	GlobalSection(ProjectConfigurationPlatforms) = postSolution
		{B4E5A70B-2BD8-4D02-9D15-DB497E7A06DB}.Debug|Any CPU.ActiveCfg = Debug|Any CPU
		{B4E5A70B-2BD8-4D02-9D15-DB497E7A06DB}.Debug|Any CPU.Build.0 = Debug|Any CPU
		{B4E5A70B-2BD8-4D02-9D15-DB497E7A06DB}.Release|Any CPU.ActiveCfg = Release|Any CPU
		{B4E5A70B-2BD8-4D02-9D15-DB497E7A06DB}.Release|Any CPU.Build.0 = Release|Any CPU
		{92EE9CA0-BB39-44E0-9254-20786AA36C58}.Debug|Any CPU.ActiveCfg = Debug|Any CPU
		{92EE9CA0-BB39-44E0-9254-20786AA36C58}.Debug|Any CPU.Build.0 = Debug|Any CPU
		{92EE9CA0-BB39-44E0-9254-20786AA36C58}.Release|Any CPU.ActiveCfg = Release|Any CPU
		{92EE9CA0-BB39-44E0-9254-20786AA36C58}.Release|Any CPU.Build.0 = Release|Any CPU
	EndGlobalSection
	GlobalSection(SolutionProperties) = preSolution
		HideSolutionNode = FALSE
	EndGlobalSection
	GlobalSection(ExtensibilityGlobals) = postSolution
		SolutionGuid = {83D1247D-A4F4-453B-B7C1-030B07909F18}
	EndGlobalSection
EndGlobal
